
Microsoft Visual Studio Solution File, Format Version 12.00
# Visual Studio 15
VisualStudioVersion = 15.0.28307.168
MinimumVisualStudioVersion = 10.0.40219.1
Project("{FAE04EC0-301F-11D3-BF4B-00C04F79EFBC}") = "c0703625", "c0703625\c0703625.csproj", "{BB0F1632-BD68-45C9-BEE2-6C1019541E98}"
EndProject
Global
	GlobalSection(SolutionConfigurationPlatforms) = preSolution
		Debug|Any CPU = Debug|Any CPU
		Release|Any CPU = Release|Any CPU
	EndGlobalSection
	GlobalSection(ProjectConfigurationPlatforms) = postSolution
		{BB0F1632-BD68-45C9-BEE2-6C1019541E98}.Debug|Any CPU.ActiveCfg = Debug|Any CPU
		{BB0F1632-BD68-45C9-BEE2-6C1019541E98}.Debug|Any CPU.Build.0 = Debug|Any CPU
		{BB0F1632-BD68-45C9-BEE2-6C1019541E98}.Release|Any CPU.ActiveCfg = Release|Any CPU
		{BB0F1632-BD68-45C9-BEE2-6C1019541E98}.Release|Any CPU.Build.0 = Release|Any CPU
	EndGlobalSection
	GlobalSection(SolutionProperties) = preSolution
		HideSolutionNode = FALSE
	EndGlobalSection
	GlobalSection(ExtensibilityGlobals) = postSolution
		SolutionGuid = {0F22BF50-CB81-4408-9A1A-EB312A762F72}
	EndGlobalSection
EndGlobal
